// !$*UTF8*$!
{
	archiveVersion = 1;
	classes = {
	};
	objectVersion = 46;
	objects = {

/* Begin PBXBuildFile section */
		C286C58F1C47380D00BA90D3 /* main.m in Sources */ = {isa = PBXBuildFile; fileRef = C286C58E1C47380D00BA90D3 /* main.m */; };
		C286C5921C47380D00BA90D3 /* AppDelegate.m in Sources */ = {isa = PBXBuildFile; fileRef = C286C5911C47380D00BA90D3 /* AppDelegate.m */; };
		C286C5951C47380D00BA90D3 /* ViewController.m in Sources */ = {isa = PBXBuildFile; fileRef = C286C5941C47380D00BA90D3 /* ViewController.m */; };
		C286C5981C47380D00BA90D3 /* Main.storyboard in Resources */ = {isa = PBXBuildFile; fileRef = C286C5961C47380D00BA90D3 /* Main.storyboard */; };
		C286C59A1C47380D00BA90D3 /* Assets.xcassets in Resources */ = {isa = PBXBuildFile; fileRef = C286C5991C47380D00BA90D3 /* Assets.xcassets */; };
		C286C59D1C47380D00BA90D3 /* LaunchScreen.storyboard in Resources */ = {isa = PBXBuildFile; fileRef = C286C59B1C47380D00BA90D3 /* LaunchScreen.storyboard */; };
/* End PBXBuildFile section */

/* Begin PBXFileReference section */
		C286C58A1C47380D00BA90D3 /* XM_GitHub.app */ = {isa = PBXFileReference; explicitFileType = wrapper.application; includeInIndex = 0; path = XM_GitHub.app; sourceTree = BUILT_PRODUCTS_DIR; };
		C286C58E1C47380D00BA90D3 /* main.m */ = {isa = PBXFileReference; lastKnownFileType = sourcecode.c.objc; path = main.m; sourceTree = "<group>"; };
		C286C5901C47380D00BA90D3 /* AppDelegate.h */ = {isa = PBXFileReference; lastKnownFileType = sourcecode.c.h; path = AppDelegate.h; sourceTree = "<group>"; };
		C286C5911C47380D00BA90D3 /* AppDelegate.m */ = {isa = PBXFileReference; lastKnownFileType = sourcecode.c.objc; path = AppDelegate.m; sourceTree = "<group>"; };
		C286C5931C47380D00BA90D3 /* ViewController.h */ = {isa = PBXFileReference; lastKnownFileType = sourcecode.c.h; path = ViewController.h; sourceTree = "<group>"; };
		C286C5941C47380D00BA90D3 /* ViewController.m */ = {isa = PBXFileReference; lastKnownFileType = sourcecode.c.objc; path = ViewController.m; sourceTree = "<group>"; };
		C286C5971C47380D00BA90D3 /* Base */ = {isa = PBXFileReference; lastKnownFileType = file.storyboard; name = Base; path = Base.lproj/Main.storyboard; sourceTree = "<group>"; };
		C286C5991C47380D00BA90D3 /* Assets.xcassets */ = {isa = PBXFileReference; lastKnownFileType = folder.assetcatalog; path = Assets.xcassets; sourceTree = "<group>"; };
		C286C59C1C47380D00BA90D3 /* Base */ = {isa = PBXFileReference; lastKnownFileType = file.storyboard; name = Base; path = Base.lproj/LaunchScreen.storyboard; sourceTree = "<group>"; };
		C286C59E1C47380D00BA90D3 /* Info.plist */ = {isa = PBXFileReference; lastKnownFileType = text.plist.xml; path = Info.plist; sourceTree = "<group>"; };
/* End PBXFileReference section */

/* Begin PBXFrameworksBuildPhase section */
		C286C5871C47380D00BA90D3 /* Frameworks */ = {
			isa = PBXFrameworksBuildPhase;
			buildActionMask = 2147483647;
			files = (
			);
			runOnlyForDeploymentPostprocessing = 0;
		};
/* End PBXFrameworksBuildPhase section */

/* Begin PBXGroup section */
		C286C5811C47380D00BA90D3 = {
			isa = PBXGroup;
			children = (
				C286C58C1C47380D00BA90D3 /* XM_GitHub */,
				C286C58B1C47380D00BA90D3 /* Products */,
			);
			sourceTree = "<group>";
		};
		C286C58B1C47380D00BA90D3 /* Products */ = {
			isa = PBXGroup;
			children = (
				C286C58A1C47380D00BA90D3 /* XM_GitHub.app */,
			);
			name = Products;
			sourceTree = "<group>";
		};
		C286C58C1C47380D00BA90D3 /* XM_GitHub */ = {
			isa = PBXGroup;
			children = (
				C286C5901C47380D00BA90D3 /* AppDelegate.h */,
				C286C5911C47380D00BA90D3 /* AppDelegate.m */,
				C286C5931C47380D00BA90D3 /* ViewController.h */,
				C286C5941C47380D00BA90D3 /* ViewController.m */,
				C286C5961C47380D00BA90D3 /* Main.storyboard */,
				C286C5991C47380D00BA90D3 /* Assets.xcassets */,
				C286C59B1C47380D00BA90D3 /* LaunchScreen.storyboard */,
				C286C59E1C47380D00BA90D3 /* Info.plist */,
				C286C58D1C47380D00BA90D3 /* Supporting Files */,
			);
			path = XM_GitHub;
			sourceTree = "<group>";
		};
		C286C58D1C47380D00BA90D3 /* Supporting Files */ = {
			isa = PBXGroup;
			children = (
				C286C58E1C47380D00BA90D3 /* main.m */,
			);
			name = "Supporting Files";
			sourceTree = "<group>";
		};
/* End PBXGroup section */

/* Begin PBXNativeTarget section */
		C286C5891C47380D00BA90D3 /* XM_GitHub */ = {
			isa = PBXNativeTarget;
			buildConfigurationList = C286C5A11C47380D00BA90D3 /* Build configuration list for PBXNativeTarget "XM_GitHub" */;
			buildPhases = (
				C286C5861C47380D00BA90D3 /* Sources */,
				C286C5871C47380D00BA90D3 /* Frameworks */,
				C286C5881C47380D00BA90D3 /* Resources */,
			);
			buildRules = (
			);
			dependencies = (
			);
			name = XM_GitHub;
			productName = XM_GitHub;
			productReference = C286C58A1C47380D00BA90D3 /* XM_GitHub.app */;
			productType = "com.apple.product-type.application";
		};
/* End PBXNativeTarget section */

/* Begin PBXProject section */
		C286C5821C47380D00BA90D3 /* Project object */ = {
			isa = PBXProject;
			attributes = {
				LastUpgradeCheck = 0710;
				ORGANIZATIONNAME = lanou;
				TargetAttributes = {
					C286C5891C47380D00BA90D3 = {
						CreatedOnToolsVersion = 7.1;
						DevelopmentTeam = 6RU7VNHP3C;
					};
				};
			};
			buildConfigurationList = C286C5851C47380D00BA90D3 /* Build configuration list for PBXProject "XM_GitHub" */;
			compatibilityVersion = "Xcode 3.2";
			developmentRegion = English;
			hasScannedForEncodings = 0;
			knownRegions = (
				en,
				Base,
			);
			mainGroup = C286C5811C47380D00BA90D3;
			productRefGroup = C286C58B1C47380D00BA90D3 /* Products */;
			projectDirPath = "";
			projectRoot = "";
			targets = (
				C286C5891C47380D00BA90D3 /* XM_GitHub */,
			);
		};
/* End PBXProject section */

/* Begin PBXResourcesBuildPhase section */
		C286C5881C47380D00BA90D3 /* Resources */ = {
			isa = PBXResourcesBuildPhase;
			buildActionMask = 2147483647;
			files = (
				C286C59D1C47380D00BA90D3 /* LaunchScreen.storyboard in Resources */,
				C286C59A1C47380D00BA90D3 /* Assets.xcassets in Resources */,
				C286C5981C47380D00BA90D3 /* Main.storyboard in Resources */,
			);
			runOnlyForDeploymentPostprocessing = 0;
		};
/* End PBXResourcesBuildPhase section */

/* Begin PBXSourcesBuildPhase section */
		C286C5861C47380D00BA90D3 /* Sources */ = {
			isa = PBXSourcesBuildPhase;
			buildActionMask = 2147483647;
			files = (
				C286C5951C47380D00BA90D3 /* ViewController.m in Sources */,
				C286C5921C47380D00BA90D3 /* AppDelegate.m in Sources */,
				C286C58F1C47380D00BA90D3 /* main.m in Sources */,
			);
			runOnlyForDeploymentPostprocessing = 0;
		};
/* End PBXSourcesBuildPhase section */

/* Begin PBXVariantGroup section */
		C286C5961C47380D00BA90D3 /* Main.storyboard */ = {
			isa = PBXVariantGroup;
			children = (
				C286C5971C47380D00BA90D3 /* Base */,
			);
			name = Main.storyboard;
			sourceTree = "<group>";
		};
		C286C59B1C47380D00BA90D3 /* LaunchScreen.storyboard */ = {
			isa = PBXVariantGroup;
			children = (
				C286C59C1C47380D00BA90D3 /* Base */,
			);
			name = LaunchScreen.storyboard;
			sourceTree = "<group>";
		};
/* End PBXVariantGroup section */

/* Begin XCBuildConfiguration section */
		C286C59F1C47380D00BA90D3 /* Debug */ = {
			isa = XCBuildConfiguration;
			buildSettings = {
				ALWAYS_SEARCH_USER_PATHS = NO;
				CLANG_CXX_LANGUAGE_STANDARD = "gnu++0x";
				CLANG_CXX_LIBRARY = "libc++";
				CLANG_ENABLE_MODULES = YES;
				CLANG_ENABLE_OBJC_ARC = YES;
				CLANG_WARN_BOOL_CONVERSION = YES;
				CLANG_WARN_CONSTANT_CONVERSION = YES;
				CLANG_WARN_DIRECT_OBJC_ISA_USAGE = YES_ERROR;
				CLANG_WARN_EMPTY_BODY = YES;
				CLANG_WARN_ENUM_CONVERSION = YES;
				CLANG_WARN_INT_CONVERSION = YES;
				CLANG_WARN_OBJC_ROOT_CLASS = YES_ERROR;
				CLANG_WARN_UNREACHABLE_CODE = YES;
				CLANG_WARN__DUPLICATE_METHOD_MATCH = YES;
				"CODE_SIGN_IDENTITY[sdk=iphoneos*]" = "iPhone Developer";
				COPY_PHASE_STRIP = NO;
				DEBUG_INFORMATION_FORMAT = dwarf;
				ENABLE_STRICT_OBJC_MSGSEND = YES;
				ENABLE_TESTABILITY = YES;
				GCC_C_LANGUAGE_STANDARD = gnu99;
				GCC_DYNAMIC_NO_PIC = NO;
				GCC_NO_COMMON_BLOCKS = YES;
				GCC_OPTIMIZATION_LEVEL = 0;
				GCC_PREPROCESSOR_DEFINITIONS = (
					"DEBUG=1",
					"$(inherited)",
				);
				GCC_WARN_64_TO_32_BIT_CONVERSION = YES;
				GCC_WARN_ABOUT_RETURN_TYPE = YES_ERROR;
				GCC_WARN_UNDECLARED_SELECTOR = YES;
				GCC_WARN_UNINITIALIZED_AUTOS = YES_AGGRESSIVE;
				GCC_WARN_UNUSED_FUNCTION = YES;
				GCC_WARN_UNUSED_VARIABLE = YES;
				IPHONEOS_DEPLOYMENT_TARGET = 9.1;
				MTL_ENABLE_DEBUG_INFO = YES;
				ONLY_ACTIVE_ARCH = YES;
				SDKROOT = iphoneos;
				TARGETED_DEVICE_FAMILY = "1,2";
			};
			name = Debug;
		};
		C286C5A01C47380D00BA90D3 /* Release */ = {
			isa = XCBuildConfiguration;
			buildSettings = {
				ALWAYS_SEARCH_USER_PATHS = NO;
				CLANG_CXX_LANGUAGE_STANDARD = "gnu++0x";
				CLANG_CXX_LIBRARY = "libc++";
				CLANG_ENABLE_MODULES = YES;
				CLANG_ENABLE_OBJC_ARC = YES;
				CLANG_WARN_BOOL_CONVERSION = YES;
				CLANG_WARN_CONSTANT_CONVERSION = YES;
				CLANG_WARN_DIRECT_OBJC_ISA_USAGE = YES_ERROR;
				CLANG_WARN_EMPTY_BODY = YES;
				CLANG_WARN_ENUM_CONVERSION = YES;
				CLANG_WARN_INT_CONVERSION = YES;
				CLANG_WARN_OBJC_ROOT_CLASS = YES_ERROR;
				CLANG_WARN_UNREACHABLE_CODE = YES;
				CLANG_WARN__DUPLICATE_METHOD_MATCH = YES;
				"CODE_SIGN_IDENTITY[sdk=iphoneos*]" = "iPhone Developer";
				COPY_PHASE_STRIP = NO;
				DEBUG_INFORMATION_FORMAT = "dwarf-with-dsym";
				ENABLE_NS_ASSERTIONS = NO;
				ENABLE_STRICT_OBJC_MSGSEND = YES;
				GCC_C_LANGUAGE_STANDARD = gnu99;
				GCC_NO_COMMON_BLOCKS = YES;
				GCC_WARN_64_TO_32_BIT_CONVERSION = YES;
				GCC_WARN_ABOUT_RETURN_TYPE = YES_ERROR;
				GCC_WARN_UNDECLARED_SELECTOR = YES;
				GCC_WARN_UNINITIALIZED_AUTOS = YES_AGGRESSIVE;
				GCC_WARN_UNUSED_FUNCTION = YES;
				GCC_WARN_UNUSED_VARIABLE = YES;
				IPHONEOS_DEPLOYMENT_TARGET = 9.1;
				MTL_ENABLE_DEBUG_INFO = NO;
				SDKROOT = iphoneos;
				TARGETED_DEVICE_FAMILY = "1,2";
				VALIDATE_PRODUCT = YES;
			};
			name = Release;
		};
		C286C5A21C47380D00BA90D3 /* Debug */ = {
			isa = XCBuildConfiguration;
			buildSettings = {
				ASSETCATALOG_COMPILER_APPICON_NAME = AppIcon;
				INFOPLIST_FILE = XM_GitHub/Info.plist;
				LD_RUNPATH_SEARCH_PATHS = "$(inherited) @executable_path/Frameworks";
				PRODUCT_BUNDLE_IDENTIFIER = "com.lanou3g.XM-GitHub";
				PRODUCT_NAME = "$(TARGET_NAME)";
			};
			name = Debug;
		};
		C286C5A31C47380D00BA90D3 /* Release */ = {
			isa = XCBuildConfiguration;
			buildSettings = {
				ASSETCATALOG_COMPILER_APPICON_NAME = AppIcon;
				INFOPLIST_FILE = XM_GitHub/Info.plist;
				LD_RUNPATH_SEARCH_PATHS = "$(inherited) @executable_path/Frameworks";
				PRODUCT_BUNDLE_IDENTIFIER = "com.lanou3g.XM-GitHub";
				PRODUCT_NAME = "$(TARGET_NAME)";
			};
			name = Release;
		};
/* End XCBuildConfiguration section */

/* Begin XCConfigurationList section */
		C286C5851C47380D00BA90D3 /* Build configuration list for PBXProject "XM_GitHub" */ = {
			isa = XCConfigurationList;
			buildConfigurations = (
				C286C59F1C47380D00BA90D3 /* Debug */,
				C286C5A01C47380D00BA90D3 /* Release */,
			);
			defaultConfigurationIsVisible = 0;
			defaultConfigurationName = Release;
		};
		C286C5A11C47380D00BA90D3 /* Build configuration list for PBXNativeTarget "XM_GitHub" */ = {
			isa = XCConfigurationList;
			buildConfigurations = (
				C286C5A21C47380D00BA90D3 /* Debug */,
				C286C5A31C47380D00BA90D3 /* Release */,
			);
			defaultConfigurationIsVisible = 0;
		};
/* End XCConfigurationList section */
	};
	rootObject = C286C5821C47380D00BA90D3 /* Project object */;
}
